
Microsoft Visual Studio Solution File, Format Version 12.00
# Visual Studio Version 17
VisualStudioVersion = 17.7.34202.233
MinimumVisualStudioVersion = 10.0.40219.1
Project("{8BC9CEB8-8B4A-11D0-8D11-00A0C91BC942}") = "LR_4.3", "LR_4.3.vcxproj", "{CDCE9DCA-BB24-405C-9052-AC4F4BFBF07E}"
EndProject
Global
	GlobalSection(SolutionConfigurationPlatforms) = preSolution
		Debug|x64 = Debug|x64
		Debug|x86 = Debug|x86
		Release|x64 = Release|x64
		Release|x86 = Release|x86
	EndGlobalSection
	GlobalSection(ProjectConfigurationPlatforms) = postSolution
		{CDCE9DCA-BB24-405C-9052-AC4F4BFBF07E}.Debug|x64.ActiveCfg = Debug|x64
		{CDCE9DCA-BB24-405C-9052-AC4F4BFBF07E}.Debug|x64.Build.0 = Debug|x64
		{CDCE9DCA-BB24-405C-9052-AC4F4BFBF07E}.Debug|x86.ActiveCfg = Debug|Win32
		{CDCE9DCA-BB24-405C-9052-AC4F4BFBF07E}.Debug|x86.Build.0 = Debug|Win32
		{CDCE9DCA-BB24-405C-9052-AC4F4BFBF07E}.Release|x64.ActiveCfg = Release|x64
		{CDCE9DCA-BB24-405C-9052-AC4F4BFBF07E}.Release|x64.Build.0 = Release|x64
		{CDCE9DCA-BB24-405C-9052-AC4F4BFBF07E}.Release|x86.ActiveCfg = Release|Win32
		{CDCE9DCA-BB24-405C-9052-AC4F4BFBF07E}.Release|x86.Build.0 = Release|Win32
	EndGlobalSection
	GlobalSection(SolutionProperties) = preSolution
		HideSolutionNode = FALSE
	EndGlobalSection
	GlobalSection(ExtensibilityGlobals) = postSolution
		SolutionGuid = {72C1B85E-9611-4E44-8B99-09D6AD99239F}
	EndGlobalSection
EndGlobal
